<?xml version="1.0" encoding="utf-8"?>
<Project ToolsVersion="4.0" xmlns="http://schemas.microsoft.com/developer/msbuild/2003">
  <ItemGroup>
    <Filter Include="Nutcracker">
      <UniqueIdentifier>{17305F91-03E8-A0DE-6CEF-793A58C63BCF}</UniqueIdentifier>
    </Filter>
    <Filter Include="Nutcracker\Events">
      <UniqueIdentifier>{1BFCC8CD-8712-C763-D089-52853CDF97EB}</UniqueIdentifier>
    </Filter>
  </ItemGroup>
  <ItemGroup>
    <ClInclude Include="src\Nutcracker.h" />
    <ClInclude Include="src\Nutcracker\Application.h">
      <Filter>Nutcracker</Filter>
    </ClInclude>
    <ClInclude Include="src\Nutcracker\Core.h">
      <Filter>Nutcracker</Filter>
    </ClInclude>
    <ClInclude Include="src\Nutcracker\EntryPoint.h">
      <Filter>Nutcracker</Filter>
    </ClInclude>
    <ClInclude Include="src\Nutcracker\Events\ApplicationEvent.h">
      <Filter>Nutcracker\Events</Filter>
    </ClInclude>
    <ClInclude Include="src\Nutcracker\Events\Event.h">
      <Filter>Nutcracker\Events</Filter>
    </ClInclude>
    <ClInclude Include="src\Nutcracker\Events\KeyEvent.h">
      <Filter>Nutcracker\Events</Filter>
    </ClInclude>
    <ClInclude Include="src\Nutcracker\Events\MouseEvent.h">
      <Filter>Nutcracker\Events</Filter>
    </ClInclude>
    <ClInclude Include="src\Nutcracker\Log.h">
      <Filter>Nutcracker</Filter>
    </ClInclude>
    <ClInclude Include="src\ncpch.h" />
  </ItemGroup>
  <ItemGroup>
    <ClCompile Include="src\Nutcracker\Application.cpp">
      <Filter>Nutcracker</Filter>
    </ClCompile>
    <ClCompile Include="src\Nutcracker\Log.cpp">
      <Filter>Nutcracker</Filter>
    </ClCompile>
    <ClCompile Include="src\ncpch.cpp" />
  </ItemGroup>
</Project>